// !$*UTF8*$!
{
	archiveVersion = 1;
	classes = {
	};
	objectVersion = 77;
	objects = {

/* Begin PBXContainerItemProxy section */
		345C2F552E77FB8D00C64079 /* PBXContainerItemProxy */ = {
			isa = PBXContainerItemProxy;
			containerPortal = 345C2F3C2E77FB8B00C64079 /* Project object */;
			proxyType = 1;
			remoteGlobalIDString = 345C2F432E77FB8B00C64079;
			remoteInfo = week1_homework;
		};
		345C2F5F2E77FB8D00C64079 /* PBXContainerItemProxy */ = {
			isa = PBXContainerItemProxy;
			containerPortal = 345C2F3C2E77FB8B00C64079 /* Project object */;
			proxyType = 1;
			remoteGlobalIDString = 345C2F432E77FB8B00C64079;
			remoteInfo = week1_homework;
		};
/* End PBXContainerItemProxy section */

/* Begin PBXFileReference section */
		345C2F442E77FB8B00C64079 /* week1_homework.app */ = {isa = PBXFileReference; explicitFileType = wrapper.application; includeInIndex = 0; path = week1_homework.app; sourceTree = BUILT_PRODUCTS_DIR; };
		345C2F542E77FB8D00C64079 /* week1_homeworkTests.xctest */ = {isa = PBXFileReference; explicitFileType = wrapper.cfbundle; includeInIndex = 0; path = week1_homeworkTests.xctest; sourceTree = BUILT_PRODUCTS_DIR; };
		345C2F5E2E77FB8D00C64079 /* week1_homeworkUITests.xctest */ = {isa = PBXFileReference; explicitFileType = wrapper.cfbundle; includeInIndex = 0; path = week1_homeworkUITests.xctest; sourceTree = BUILT_PRODUCTS_DIR; };
/* End PBXFileReference section */

/* Begin PBXFileSystemSynchronizedRootGroup section */
		345C2F462E77FB8B00C64079 /* week1_homework */ = {
			isa = PBXFileSystemSynchronizedRootGroup;
			path = week1_homework;
			sourceTree = "<group>";
		};
		345C2F572E77FB8D00C64079 /* week1_homeworkTests */ = {
			isa = PBXFileSystemSynchronizedRootGroup;
			path = week1_homeworkTests;
			sourceTree = "<group>";
		};
		345C2F612E77FB8D00C64079 /* week1_homeworkUITests */ = {
			isa = PBXFileSystemSynchronizedRootGroup;
			path = week1_homeworkUITests;
			sourceTree = "<group>";
		};
/* End PBXFileSystemSynchronizedRootGroup section */

/* Begin PBXFrameworksBuildPhase section */
		345C2F412E77FB8B00C64079 /* Frameworks */ = {
			isa = PBXFrameworksBuildPhase;
			buildActionMask = 2147483647;
			files = (
			);
			runOnlyForDeploymentPostprocessing = 0;
		};
		345C2F512E77FB8D00C64079 /* Frameworks */ = {
			isa = PBXFrameworksBuildPhase;
			buildActionMask = 2147483647;
			files = (
			);
			runOnlyForDeploymentPostprocessing = 0;
		};
		345C2F5B2E77FB8D00C64079 /* Frameworks */ = {
			isa = PBXFrameworksBuildPhase;
			buildActionMask = 2147483647;
			files = (
			);
			runOnlyForDeploymentPostprocessing = 0;
		};
/* End PBXFrameworksBuildPhase section */

/* Begin PBXGroup section */
		345C2F3B2E77FB8B00C64079 = {
			isa = PBXGroup;
			children = (
				345C2F462E77FB8B00C64079 /* week1_homework */,
				345C2F572E77FB8D00C64079 /* week1_homeworkTests */,
				345C2F612E77FB8D00C64079 /* week1_homeworkUITests */,
				345C2F452E77FB8B00C64079 /* Products */,
			);
			sourceTree = "<group>";
		};
		345C2F452E77FB8B00C64079 /* Products */ = {
			isa = PBXGroup;
			children = (
				345C2F442E77FB8B00C64079 /* week1_homework.app */,
				345C2F542E77FB8D00C64079 /* week1_homeworkTests.xctest */,
				345C2F5E2E77FB8D00C64079 /* week1_homeworkUITests.xctest */,
			);
			name = Products;
			sourceTree = "<group>";
		};
/* End PBXGroup section */

/* Begin PBXNativeTarget section */
		345C2F432E77FB8B00C64079 /* week1_homework */ = {
			isa = PBXNativeTarget;
			buildConfigurationList = 345C2F682E77FB8D00C64079 /* Build configuration list for PBXNativeTarget "week1_homework" */;
			buildPhases = (
				345C2F402E77FB8B00C64079 /* Sources */,
				345C2F412E77FB8B00C64079 /* Frameworks */,
				345C2F422E77FB8B00C64079 /* Resources */,
			);
			buildRules = (
			);
			dependencies = (
			);
			fileSystemSynchronizedGroups = (
				345C2F462E77FB8B00C64079 /* week1_homework */,
			);
			name = week1_homework;
			packageProductDependencies = (
			);
			productName = week1_homework;
			productReference = 345C2F442E77FB8B00C64079 /* week1_homework.app */;
			productType = "com.apple.product-type.application";
		};
		345C2F532E77FB8D00C64079 /* week1_homeworkTests */ = {
			isa = PBXNativeTarget;
			buildConfigurationList = 345C2F6B2E77FB8D00C64079 /* Build configuration list for PBXNativeTarget "week1_homeworkTests" */;
			buildPhases = (
				345C2F502E77FB8D00C64079 /* Sources */,
				345C2F512E77FB8D00C64079 /* Frameworks */,
				345C2F522E77FB8D00C64079 /* Resources */,
			);
			buildRules = (
			);
			dependencies = (
				345C2F562E77FB8D00C64079 /* PBXTargetDependency */,
			);
			fileSystemSynchronizedGroups = (
				345C2F572E77FB8D00C64079 /* week1_homeworkTests */,
			);
			name = week1_homeworkTests;
			packageProductDependencies = (
			);
			productName = week1_homeworkTests;
			productReference = 345C2F542E77FB8D00C64079 /* week1_homeworkTests.xctest */;
			productType = "com.apple.product-type.bundle.unit-test";
		};
		345C2F5D2E77FB8D00C64079 /* week1_homeworkUITests */ = {
			isa = PBXNativeTarget;
			buildConfigurationList = 345C2F6E2E77FB8D00C64079 /* Build configuration list for PBXNativeTarget "week1_homeworkUITests" */;
			buildPhases = (
				345C2F5A2E77FB8D00C64079 /* Sources */,
				345C2F5B2E77FB8D00C64079 /* Frameworks */,
				345C2F5C2E77FB8D00C64079 /* Resources */,
			);
			buildRules = (
			);
			dependencies = (
				345C2F602E77FB8D00C64079 /* PBXTargetDependency */,
			);
			fileSystemSynchronizedGroups = (
				345C2F612E77FB8D00C64079 /* week1_homeworkUITests */,
			);
			name = week1_homeworkUITests;
			packageProductDependencies = (
			);
			productName = week1_homeworkUITests;
			productReference = 345C2F5E2E77FB8D00C64079 /* week1_homeworkUITests.xctest */;
			productType = "com.apple.product-type.bundle.ui-testing";
		};
/* End PBXNativeTarget section */

/* Begin PBXProject section */
		345C2F3C2E77FB8B00C64079 /* Project object */ = {
			isa = PBXProject;
			attributes = {
				BuildIndependentTargetsInParallel = 1;
				LastSwiftUpdateCheck = 1620;
				LastUpgradeCheck = 1620;
				TargetAttributes = {
					345C2F432E77FB8B00C64079 = {
						CreatedOnToolsVersion = 16.2;
					};
					345C2F532E77FB8D00C64079 = {
						CreatedOnToolsVersion = 16.2;
						TestTargetID = 345C2F432E77FB8B00C64079;
					};
					345C2F5D2E77FB8D00C64079 = {
						CreatedOnToolsVersion = 16.2;
						TestTargetID = 345C2F432E77FB8B00C64079;
					};
				};
			};
			buildConfigurationList = 345C2F3F2E77FB8B00C64079 /* Build configuration list for PBXProject "week1_homework" */;
			developmentRegion = en;
			hasScannedForEncodings = 0;
			knownRegions = (
				en,
				Base,
			);
			mainGroup = 345C2F3B2E77FB8B00C64079;
			minimizedProjectReferenceProxies = 1;
			preferredProjectObjectVersion = 77;
			productRefGroup = 345C2F452E77FB8B00C64079 /* Products */;
			projectDirPath = "";
			projectRoot = "";
			targets = (
				345C2F432E77FB8B00C64079 /* week1_homework */,
				345C2F532E77FB8D00C64079 /* week1_homeworkTests */,
				345C2F5D2E77FB8D00C64079 /* week1_homeworkUITests */,
			);
		};
/* End PBXProject section */

/* Begin PBXResourcesBuildPhase section */
		345C2F422E77FB8B00C64079 /* Resources */ = {
			isa = PBXResourcesBuildPhase;
			buildActionMask = 2147483647;
			files = (
			);
			runOnlyForDeploymentPostprocessing = 0;
		};
		345C2F522E77FB8D00C64079 /* Resources */ = {
			isa = PBXResourcesBuildPhase;
			buildActionMask = 2147483647;
			files = (
			);
			runOnlyForDeploymentPostprocessing = 0;
		};
		345C2F5C2E77FB8D00C64079 /* Resources */ = {
			isa = PBXResourcesBuildPhase;
			buildActionMask = 2147483647;
			files = (
			);
			runOnlyForDeploymentPostprocessing = 0;
		};
/* End PBXResourcesBuildPhase section */

/* Begin PBXSourcesBuildPhase section */
		345C2F402E77FB8B00C64079 /* Sources */ = {
			isa = PBXSourcesBuildPhase;
			buildActionMask = 2147483647;
			files = (
			);
			runOnlyForDeploymentPostprocessing = 0;
		};
		345C2F502E77FB8D00C64079 /* Sources */ = {
			isa = PBXSourcesBuildPhase;
			buildActionMask = 2147483647;
			files = (
			);
			runOnlyForDeploymentPostprocessing = 0;
		};
		345C2F5A2E77FB8D00C64079 /* Sources */ = {
			isa = PBXSourcesBuildPhase;
			buildActionMask = 2147483647;
			files = (
			);
			runOnlyForDeploymentPostprocessing = 0;
		};
/* End PBXSourcesBuildPhase section */

/* Begin PBXTargetDependency section */
		345C2F562E77FB8D00C64079 /* PBXTargetDependency */ = {
			isa = PBXTargetDependency;
			target = 345C2F432E77FB8B00C64079 /* week1_homework */;
			targetProxy = 345C2F552E77FB8D00C64079 /* PBXContainerItemProxy */;
		};
		345C2F602E77FB8D00C64079 /* PBXTargetDependency */ = {
			isa = PBXTargetDependency;
			target = 345C2F432E77FB8B00C64079 /* week1_homework */;
			targetProxy = 345C2F5F2E77FB8D00C64079 /* PBXContainerItemProxy */;
		};
/* End PBXTargetDependency section */

/* Begin XCBuildConfiguration section */
		345C2F662E77FB8D00C64079 /* Debug */ = {
			isa = XCBuildConfiguration;
			buildSettings = {
				ALWAYS_SEARCH_USER_PATHS = NO;
				ASSETCATALOG_COMPILER_GENERATE_SWIFT_ASSET_SYMBOL_EXTENSIONS = YES;
				CLANG_ANALYZER_NONNULL = YES;
				CLANG_ANALYZER_NUMBER_OBJECT_CONVERSION = YES_AGGRESSIVE;
				CLANG_CXX_LANGUAGE_STANDARD = "gnu++20";
				CLANG_ENABLE_MODULES = YES;
				CLANG_ENABLE_OBJC_ARC = YES;
				CLANG_ENABLE_OBJC_WEAK = YES;
				CLANG_WARN_BLOCK_CAPTURE_AUTORELEASING = YES;
				CLANG_WARN_BOOL_CONVERSION = YES;
				CLANG_WARN_COMMA = YES;
				CLANG_WARN_CONSTANT_CONVERSION = YES;
				CLANG_WARN_DEPRECATED_OBJC_IMPLEMENTATIONS = YES;
				CLANG_WARN_DIRECT_OBJC_ISA_USAGE = YES_ERROR;
				CLANG_WARN_DOCUMENTATION_COMMENTS = YES;
				CLANG_WARN_EMPTY_BODY = YES;
				CLANG_WARN_ENUM_CONVERSION = YES;
				CLANG_WARN_INFINITE_RECURSION = YES;
				CLANG_WARN_INT_CONVERSION = YES;
				CLANG_WARN_NON_LITERAL_NULL_CONVERSION = YES;
				CLANG_WARN_OBJC_IMPLICIT_RETAIN_SELF = YES;
				CLANG_WARN_OBJC_LITERAL_CONVERSION = YES;
				CLANG_WARN_OBJC_ROOT_CLASS = YES_ERROR;
				CLANG_WARN_QUOTED_INCLUDE_IN_FRAMEWORK_HEADER = YES;
				CLANG_WARN_RANGE_LOOP_ANALYSIS = YES;
				CLANG_WARN_STRICT_PROTOTYPES = YES;
				CLANG_WARN_SUSPICIOUS_MOVE = YES;
				CLANG_WARN_UNGUARDED_AVAILABILITY = YES_AGGRESSIVE;
				CLANG_WARN_UNREACHABLE_CODE = YES;
				CLANG_WARN__DUPLICATE_METHOD_MATCH = YES;
				COPY_PHASE_STRIP = NO;
				DEBUG_INFORMATION_FORMAT = dwarf;
				ENABLE_STRICT_OBJC_MSGSEND = YES;
				ENABLE_TESTABILITY = YES;
				ENABLE_USER_SCRIPT_SANDBOXING = YES;
				GCC_C_LANGUAGE_STANDARD = gnu17;
				GCC_DYNAMIC_NO_PIC = NO;
				GCC_NO_COMMON_BLOCKS = YES;
				GCC_OPTIMIZATION_LEVEL = 0;
				GCC_PREPROCESSOR_DEFINITIONS = (
					"DEBUG=1",
					"$(inherited)",
				);
				GCC_WARN_64_TO_32_BIT_CONVERSION = YES;
				GCC_WARN_ABOUT_RETURN_TYPE = YES_ERROR;
				GCC_WARN_UNDECLARED_SELECTOR = YES;
				GCC_WARN_UNINITIALIZED_AUTOS = YES_AGGRESSIVE;
				GCC_WARN_UNUSED_FUNCTION = YES;
				GCC_WARN_UNUSED_VARIABLE = YES;
				IPHONEOS_DEPLOYMENT_TARGET = 18.2;
				LOCALIZATION_PREFERS_STRING_CATALOGS = YES;
				MTL_ENABLE_DEBUG_INFO = INCLUDE_SOURCE;
				MTL_FAST_MATH = YES;
				ONLY_ACTIVE_ARCH = YES;
				SDKROOT = iphoneos;
				SWIFT_ACTIVE_COMPILATION_CONDITIONS = "DEBUG $(inherited)";
				SWIFT_OPTIMIZATION_LEVEL = "-Onone";
			};
			name = Debug;
		};
		345C2F672E77FB8D00C64079 /* Release */ = {
			isa = XCBuildConfiguration;
			buildSettings = {
				ALWAYS_SEARCH_USER_PATHS = NO;
				ASSETCATALOG_COMPILER_GENERATE_SWIFT_ASSET_SYMBOL_EXTENSIONS = YES;
				CLANG_ANALYZER_NONNULL = YES;
				CLANG_ANALYZER_NUMBER_OBJECT_CONVERSION = YES_AGGRESSIVE;
				CLANG_CXX_LANGUAGE_STANDARD = "gnu++20";
				CLANG_ENABLE_MODULES = YES;
				CLANG_ENABLE_OBJC_ARC = YES;
				CLANG_ENABLE_OBJC_WEAK = YES;
				CLANG_WARN_BLOCK_CAPTURE_AUTORELEASING = YES;
				CLANG_WARN_BOOL_CONVERSION = YES;
				CLANG_WARN_COMMA = YES;
				CLANG_WARN_CONSTANT_CONVERSION = YES;
				CLANG_WARN_DEPRECATED_OBJC_IMPLEMENTATIONS = YES;
				CLANG_WARN_DIRECT_OBJC_ISA_USAGE = YES_ERROR;
				CLANG_WARN_DOCUMENTATION_COMMENTS = YES;
				CLANG_WARN_EMPTY_BODY = YES;
				CLANG_WARN_ENUM_CONVERSION = YES;
				CLANG_WARN_INFINITE_RECURSION = YES;
				CLANG_WARN_INT_CONVERSION = YES;
				CLANG_WARN_NON_LITERAL_NULL_CONVERSION = YES;
				CLANG_WARN_OBJC_IMPLICIT_RETAIN_SELF = YES;
				CLANG_WARN_OBJC_LITERAL_CONVERSION = YES;
				CLANG_WARN_OBJC_ROOT_CLASS = YES_ERROR;
				CLANG_WARN_QUOTED_INCLUDE_IN_FRAMEWORK_HEADER = YES;
				CLANG_WARN_RANGE_LOOP_ANALYSIS = YES;
				CLANG_WARN_STRICT_PROTOTYPES = YES;
				CLANG_WARN_SUSPICIOUS_MOVE = YES;
				CLANG_WARN_UNGUARDED_AVAILABILITY = YES_AGGRESSIVE;
				CLANG_WARN_UNREACHABLE_CODE = YES;
				CLANG_WARN__DUPLICATE_METHOD_MATCH = YES;
				COPY_PHASE_STRIP = NO;
				DEBUG_INFORMATION_FORMAT = "dwarf-with-dsym";
				ENABLE_NS_ASSERTIONS = NO;
				ENABLE_STRICT_OBJC_MSGSEND = YES;
				ENABLE_USER_SCRIPT_SANDBOXING = YES;
				GCC_C_LANGUAGE_STANDARD = gnu17;
				GCC_NO_COMMON_BLOCKS = YES;
				GCC_WARN_64_TO_32_BIT_CONVERSION = YES;
				GCC_WARN_ABOUT_RETURN_TYPE = YES_ERROR;
				GCC_WARN_UNDECLARED_SELECTOR = YES;
				GCC_WARN_UNINITIALIZED_AUTOS = YES_AGGRESSIVE;
				GCC_WARN_UNUSED_FUNCTION = YES;
				GCC_WARN_UNUSED_VARIABLE = YES;
				IPHONEOS_DEPLOYMENT_TARGET = 18.2;
				LOCALIZATION_PREFERS_STRING_CATALOGS = YES;
				MTL_ENABLE_DEBUG_INFO = NO;
				MTL_FAST_MATH = YES;
				SDKROOT = iphoneos;
				SWIFT_COMPILATION_MODE = wholemodule;
				VALIDATE_PRODUCT = YES;
			};
			name = Release;
		};
		345C2F692E77FB8D00C64079 /* Debug */ = {
			isa = XCBuildConfiguration;
			buildSettings = {
				ASSETCATALOG_COMPILER_APPICON_NAME = AppIcon;
				ASSETCATALOG_COMPILER_GLOBAL_ACCENT_COLOR_NAME = AccentColor;
				CODE_SIGN_STYLE = Automatic;
				CURRENT_PROJECT_VERSION = 1;
				DEVELOPMENT_ASSET_PATHS = "\"week1_homework/Preview Content\"";
				DEVELOPMENT_TEAM = 4HP2RU9G92;
				ENABLE_PREVIEWS = YES;
				GENERATE_INFOPLIST_FILE = YES;
				INFOPLIST_FILE = "week1-homework-Info.plist";
				INFOPLIST_KEY_UIApplicationSceneManifest_Generation = YES;
				INFOPLIST_KEY_UIApplicationSupportsIndirectInputEvents = YES;
				INFOPLIST_KEY_UILaunchScreen_Generation = YES;
				INFOPLIST_KEY_UISupportedInterfaceOrientations_iPad = "UIInterfaceOrientationPortrait UIInterfaceOrientationPortraitUpsideDown UIInterfaceOrientationLandscapeLeft UIInterfaceOrientationLandscapeRight";
				INFOPLIST_KEY_UISupportedInterfaceOrientations_iPhone = "UIInterfaceOrientationPortrait UIInterfaceOrientationLandscapeLeft UIInterfaceOrientationLandscapeRight";
				LD_RUNPATH_SEARCH_PATHS = (
					"$(inherited)",
					"@executable_path/Frameworks",
				);
				MARKETING_VERSION = 1.0;
				PRODUCT_BUNDLE_IDENTIFIER = "UMC.week1-homework";
				PRODUCT_NAME = "$(TARGET_NAME)";
				SWIFT_EMIT_LOC_STRINGS = YES;
				SWIFT_VERSION = 5.0;
				TARGETED_DEVICE_FAMILY = "1,2";
			};
			name = Debug;
		};
		345C2F6A2E77FB8D00C64079 /* Release */ = {
			isa = XCBuildConfiguration;
			buildSettings = {
				ASSETCATALOG_COMPILER_APPICON_NAME = AppIcon;
				ASSETCATALOG_COMPILER_GLOBAL_ACCENT_COLOR_NAME = AccentColor;
				CODE_SIGN_STYLE = Automatic;
				CURRENT_PROJECT_VERSION = 1;
				DEVELOPMENT_ASSET_PATHS = "\"week1_homework/Preview Content\"";
				DEVELOPMENT_TEAM = 4HP2RU9G92;
				ENABLE_PREVIEWS = YES;
				GENERATE_INFOPLIST_FILE = YES;
				INFOPLIST_FILE = "week1-homework-Info.plist";
				INFOPLIST_KEY_UIApplicationSceneManifest_Generation = YES;
				INFOPLIST_KEY_UIApplicationSupportsIndirectInputEvents = YES;
				INFOPLIST_KEY_UILaunchScreen_Generation = YES;
				INFOPLIST_KEY_UISupportedInterfaceOrientations_iPad = "UIInterfaceOrientationPortrait UIInterfaceOrientationPortraitUpsideDown UIInterfaceOrientationLandscapeLeft UIInterfaceOrientationLandscapeRight";
				INFOPLIST_KEY_UISupportedInterfaceOrientations_iPhone = "UIInterfaceOrientationPortrait UIInterfaceOrientationLandscapeLeft UIInterfaceOrientationLandscapeRight";
				LD_RUNPATH_SEARCH_PATHS = (
					"$(inherited)",
					"@executable_path/Frameworks",
				);
				MARKETING_VERSION = 1.0;
				PRODUCT_BUNDLE_IDENTIFIER = "UMC.week1-homework";
				PRODUCT_NAME = "$(TARGET_NAME)";
				SWIFT_EMIT_LOC_STRINGS = YES;
				SWIFT_VERSION = 5.0;
				TARGETED_DEVICE_FAMILY = "1,2";
			};
			name = Release;
		};
		345C2F6C2E77FB8D00C64079 /* Debug */ = {
			isa = XCBuildConfiguration;
			buildSettings = {
				BUNDLE_LOADER = "$(TEST_HOST)";
				CODE_SIGN_STYLE = Automatic;
				CURRENT_PROJECT_VERSION = 1;
				DEVELOPMENT_TEAM = 4HP2RU9G92;
				GENERATE_INFOPLIST_FILE = YES;
				IPHONEOS_DEPLOYMENT_TARGET = 18.2;
				MARKETING_VERSION = 1.0;
				PRODUCT_BUNDLE_IDENTIFIER = "UMC.week1-homeworkTests";
				PRODUCT_NAME = "$(TARGET_NAME)";
				SWIFT_EMIT_LOC_STRINGS = NO;
				SWIFT_VERSION = 5.0;
				TARGETED_DEVICE_FAMILY = "1,2";
				TEST_HOST = "$(BUILT_PRODUCTS_DIR)/week1_homework.app/$(BUNDLE_EXECUTABLE_FOLDER_PATH)/week1_homework";
			};
			name = Debug;
		};
		345C2F6D2E77FB8D00C64079 /* Release */ = {
			isa = XCBuildConfiguration;
			buildSettings = {
				BUNDLE_LOADER = "$(TEST_HOST)";
				CODE_SIGN_STYLE = Automatic;
				CURRENT_PROJECT_VERSION = 1;
				DEVELOPMENT_TEAM = 4HP2RU9G92;
				GENERATE_INFOPLIST_FILE = YES;
				IPHONEOS_DEPLOYMENT_TARGET = 18.2;
				MARKETING_VERSION = 1.0;
				PRODUCT_BUNDLE_IDENTIFIER = "UMC.week1-homeworkTests";
				PRODUCT_NAME = "$(TARGET_NAME)";
				SWIFT_EMIT_LOC_STRINGS = NO;
				SWIFT_VERSION = 5.0;
				TARGETED_DEVICE_FAMILY = "1,2";
				TEST_HOST = "$(BUILT_PRODUCTS_DIR)/week1_homework.app/$(BUNDLE_EXECUTABLE_FOLDER_PATH)/week1_homework";
			};
			name = Release;
		};
		345C2F6F2E77FB8D00C64079 /* Debug */ = {
			isa = XCBuildConfiguration;
			buildSettings = {
				CODE_SIGN_STYLE = Automatic;
				CURRENT_PROJECT_VERSION = 1;
				DEVELOPMENT_TEAM = 4HP2RU9G92;
				GENERATE_INFOPLIST_FILE = YES;
				MARKETING_VERSION = 1.0;
				PRODUCT_BUNDLE_IDENTIFIER = "UMC.week1-homeworkUITests";
				PRODUCT_NAME = "$(TARGET_NAME)";
				SWIFT_EMIT_LOC_STRINGS = NO;
				SWIFT_VERSION = 5.0;
				TARGETED_DEVICE_FAMILY = "1,2";
				TEST_TARGET_NAME = week1_homework;
			};
			name = Debug;
		};
		345C2F702E77FB8D00C64079 /* Release */ = {
			isa = XCBuildConfiguration;
			buildSettings = {
				CODE_SIGN_STYLE = Automatic;
				CURRENT_PROJECT_VERSION = 1;
				DEVELOPMENT_TEAM = 4HP2RU9G92;
				GENERATE_INFOPLIST_FILE = YES;
				MARKETING_VERSION = 1.0;
				PRODUCT_BUNDLE_IDENTIFIER = "UMC.week1-homeworkUITests";
				PRODUCT_NAME = "$(TARGET_NAME)";
				SWIFT_EMIT_LOC_STRINGS = NO;
				SWIFT_VERSION = 5.0;
				TARGETED_DEVICE_FAMILY = "1,2";
				TEST_TARGET_NAME = week1_homework;
			};
			name = Release;
		};
/* End XCBuildConfiguration section */

/* Begin XCConfigurationList section */
		345C2F3F2E77FB8B00C64079 /* Build configuration list for PBXProject "week1_homework" */ = {
			isa = XCConfigurationList;
			buildConfigurations = (
				345C2F662E77FB8D00C64079 /* Debug */,
				345C2F672E77FB8D00C64079 /* Release */,
			);
			defaultConfigurationIsVisible = 0;
			defaultConfigurationName = Release;
		};
		345C2F682E77FB8D00C64079 /* Build configuration list for PBXNativeTarget "week1_homework" */ = {
			isa = XCConfigurationList;
			buildConfigurations = (
				345C2F692E77FB8D00C64079 /* Debug */,
				345C2F6A2E77FB8D00C64079 /* Release */,
			);
			defaultConfigurationIsVisible = 0;
			defaultConfigurationName = Release;
		};
		345C2F6B2E77FB8D00C64079 /* Build configuration list for PBXNativeTarget "week1_homeworkTests" */ = {
			isa = XCConfigurationList;
			buildConfigurations = (
				345C2F6C2E77FB8D00C64079 /* Debug */,
				345C2F6D2E77FB8D00C64079 /* Release */,
			);
			defaultConfigurationIsVisible = 0;
			defaultConfigurationName = Release;
		};
		345C2F6E2E77FB8D00C64079 /* Build configuration list for PBXNativeTarget "week1_homeworkUITests" */ = {
			isa = XCConfigurationList;
			buildConfigurations = (
				345C2F6F2E77FB8D00C64079 /* Debug */,
				345C2F702E77FB8D00C64079 /* Release */,
			);
			defaultConfigurationIsVisible = 0;
			defaultConfigurationName = Release;
		};
/* End XCConfigurationList section */
	};
	rootObject = 345C2F3C2E77FB8B00C64079 /* Project object */;
}
