{
  "originHash" : "256a5c7ad296fef540c807706ae4b5820f886e7180c635f08693f0eeda40c8e5",
  "pins" : [
    {
      "identity" : "alamofire",
      "kind" : "remoteSourceControl",
      "location" : "https://github.com/Alamofire/Alamofire.git",
      "state" : {
        "revision" : "513364f870f6bfc468f9d2ff0a95caccc10044c5",
        "version" : "5.10.2"
      }
    },
    {
      "identity" : "kakao-ios-sdk",
      "kind" : "remoteSourceControl",
      "location" : "https://github.com/kakaO/kakao-ios-sdk",
      "state" : {
        "revision" : "e14a8d1fad75645fd5677a295a8b1956ebd14d3d",
        "version" : "2.25.0"
      }
    }
  ],
  "version" : 3
}
