// !$*UTF8*$!
{
	archiveVersion = 1;
	classes = {
	};
	objectVersion = 77;
	objects = {

/* Begin PBXBuildFile section */
		347DBAD32EC63458008916E4 /* CombineMoya in Frameworks */ = {isa = PBXBuildFile; productRef = 347DBAD22EC63458008916E4 /* CombineMoya */; };
		347DBAD52EC63458008916E4 /* Moya in Frameworks */ = {isa = PBXBuildFile; productRef = 347DBAD42EC63458008916E4 /* Moya */; };
		347DBAD72EC63458008916E4 /* ReactiveMoya in Frameworks */ = {isa = PBXBuildFile; productRef = 347DBAD62EC63458008916E4 /* ReactiveMoya */; };
		347DBAD92EC63458008916E4 /* RxMoya in Frameworks */ = {isa = PBXBuildFile; productRef = 347DBAD82EC63458008916E4 /* RxMoya */; };
		347DBADB2EC63458008916E4 /* Kingfisher in Frameworks */ = {isa = PBXBuildFile; productRef = 347DBADA2EC63458008916E4 /* Kingfisher */; };
		34EBABD52EBDF36600CF8868 /* KakaoSDK in Frameworks */ = {isa = PBXBuildFile; productRef = 34EBABD42EBDF36600CF8868 /* KakaoSDK */; };
		34EBABD72EBDF36600CF8868 /* KakaoSDKAuth in Frameworks */ = {isa = PBXBuildFile; productRef = 34EBABD62EBDF36600CF8868 /* KakaoSDKAuth */; };
		34EBABD92EBDF36600CF8868 /* KakaoSDKCert in Frameworks */ = {isa = PBXBuildFile; productRef = 34EBABD82EBDF36600CF8868 /* KakaoSDKCert */; };
		34EBABDB2EBDF36600CF8868 /* KakaoSDKCommon in Frameworks */ = {isa = PBXBuildFile; productRef = 34EBABDA2EBDF36600CF8868 /* KakaoSDKCommon */; };
		34EBACCA2EBE40F800CF8868 /* Secret.xcconfig in Resources */ = {isa = PBXBuildFile; fileRef = 34EBACC92EBE40F800CF8868 /* Secret.xcconfig */; };
/* End PBXBuildFile section */

/* Begin PBXContainerItemProxy section */
		345C2F552E77FB8D00C64079 /* PBXContainerItemProxy */ = {
			isa = PBXContainerItemProxy;
			containerPortal = 345C2F3C2E77FB8B00C64079 /* Project object */;
			proxyType = 1;
			remoteGlobalIDString = 345C2F432E77FB8B00C64079;
			remoteInfo = week1_homework;
		};
		345C2F5F2E77FB8D00C64079 /* PBXContainerItemProxy */ = {
			isa = PBXContainerItemProxy;
			containerPortal = 345C2F3C2E77FB8B00C64079 /* Project object */;
			proxyType = 1;
			remoteGlobalIDString = 345C2F432E77FB8B00C64079;
			remoteInfo = week1_homework;
		};
/* End PBXContainerItemProxy section */

/* Begin PBXFileReference section */
		3404378E2EAE487C00C58AA6 /* MEGABOX.xcodeproj */ = {isa = PBXFileReference; lastKnownFileType = "wrapper.pb-project"; name = MEGABOX.xcodeproj; path = MegaBox/MEGABOX.xcodeproj; sourceTree = SOURCE_ROOT; };
		3404383A2EAF642C00C58AA6 /* MEGABOX.xcodeproj */ = {isa = PBXFileReference; lastKnownFileType = "wrapper.pb-project"; path = MEGABOX.xcodeproj; sourceTree = "<group>"; };
		340438B42EAF6DE300C58AA6 /* MEGABOX.xcodeproj */ = {isa = PBXFileReference; lastKnownFileType = "wrapper.pb-project"; path = MEGABOX.xcodeproj; sourceTree = "<group>"; };
		3404392F2EAF6E4000C58AA6 /* MEGABOX.xcodeproj */ = {isa = PBXFileReference; lastKnownFileType = "wrapper.pb-project"; path = MEGABOX.xcodeproj; sourceTree = "<group>"; };
		34043A512EAF74F500C58AA6 /* MEGABOX.xcodeproj */ = {isa = PBXFileReference; lastKnownFileType = "wrapper.pb-project"; path = MEGABOX.xcodeproj; sourceTree = "<group>"; };
		345C2F442E77FB8B00C64079 /* MEGABOX.app */ = {isa = PBXFileReference; explicitFileType = wrapper.application; includeInIndex = 0; path = MEGABOX.app; sourceTree = BUILT_PRODUCTS_DIR; };
		345C2F542E77FB8D00C64079 /* MEGABOXTests.xctest */ = {isa = PBXFileReference; explicitFileType = wrapper.cfbundle; includeInIndex = 0; path = MEGABOXTests.xctest; sourceTree = BUILT_PRODUCTS_DIR; };
		345C2F5E2E77FB8D00C64079 /* MEGABOXUITests.xctest */ = {isa = PBXFileReference; explicitFileType = wrapper.cfbundle; includeInIndex = 0; path = MEGABOXUITests.xctest; sourceTree = BUILT_PRODUCTS_DIR; };
		34EBAB0A2EBDC1BD00CF8868 /* MEGABOX.xcodeproj */ = {isa = PBXFileReference; lastKnownFileType = "wrapper.pb-project"; path = MEGABOX.xcodeproj; sourceTree = "<group>"; };
		34EBACC92EBE40F800CF8868 /* Secret.xcconfig */ = {isa = PBXFileReference; lastKnownFileType = text.xcconfig; path = Secret.xcconfig; sourceTree = "<group>"; };
/* End PBXFileReference section */

/* Begin PBXFileSystemSynchronizedRootGroup section */
		345C2F462E77FB8B00C64079 /* MegaBox */ = {
			isa = PBXFileSystemSynchronizedRootGroup;
			path = MegaBox;
			sourceTree = "<group>";
		};
/* End PBXFileSystemSynchronizedRootGroup section */

/* Begin PBXFrameworksBuildPhase section */
		345C2F412E77FB8B00C64079 /* Frameworks */ = {
			isa = PBXFrameworksBuildPhase;
			buildActionMask = 2147483647;
			files = (
				347DBAD72EC63458008916E4 /* ReactiveMoya in Frameworks */,
				34EBABDB2EBDF36600CF8868 /* KakaoSDKCommon in Frameworks */,
				34EBABD92EBDF36600CF8868 /* KakaoSDKCert in Frameworks */,
				347DBADB2EC63458008916E4 /* Kingfisher in Frameworks */,
				347DBAD52EC63458008916E4 /* Moya in Frameworks */,
				34EBABD52EBDF36600CF8868 /* KakaoSDK in Frameworks */,
				347DBAD32EC63458008916E4 /* CombineMoya in Frameworks */,
				347DBAD92EC63458008916E4 /* RxMoya in Frameworks */,
				34EBABD72EBDF36600CF8868 /* KakaoSDKAuth in Frameworks */,
			);
			runOnlyForDeploymentPostprocessing = 0;
		};
		345C2F512E77FB8D00C64079 /* Frameworks */ = {
			isa = PBXFrameworksBuildPhase;
			buildActionMask = 2147483647;
			files = (
			);
			runOnlyForDeploymentPostprocessing = 0;
		};
		345C2F5B2E77FB8D00C64079 /* Frameworks */ = {
			isa = PBXFrameworksBuildPhase;
			buildActionMask = 2147483647;
			files = (
			);
			runOnlyForDeploymentPostprocessing = 0;
		};
/* End PBXFrameworksBuildPhase section */

/* Begin PBXGroup section */
		340437912EAE487C00C58AA6 /* Products */ = {
			isa = PBXGroup;
			children = (
			);
			name = Products;
			sourceTree = "<group>";
		};
		3404383D2EAF642C00C58AA6 /* Products */ = {
			isa = PBXGroup;
			children = (
			);
			name = Products;
			sourceTree = "<group>";
		};
		340438B82EAF6DE300C58AA6 /* Products */ = {
			isa = PBXGroup;
			children = (
			);
			name = Products;
			sourceTree = "<group>";
		};
		340439322EAF6E4000C58AA6 /* Products */ = {
			isa = PBXGroup;
			children = (
			);
			name = Products;
			sourceTree = "<group>";
		};
		34043A522EAF74F500C58AA6 /* Products */ = {
			isa = PBXGroup;
			children = (
			);
			name = Products;
			sourceTree = "<group>";
		};
		345C2F3B2E77FB8B00C64079 = {
			isa = PBXGroup;
			children = (
				34EBACC92EBE40F800CF8868 /* Secret.xcconfig */,
				345C2F462E77FB8B00C64079 /* MegaBox */,
				347DBAD12EC63458008916E4 /* Frameworks */,
				345C2F452E77FB8B00C64079 /* Products */,
			);
			sourceTree = "<group>";
		};
		345C2F452E77FB8B00C64079 /* Products */ = {
			isa = PBXGroup;
			children = (
				345C2F442E77FB8B00C64079 /* MEGABOX.app */,
				345C2F542E77FB8D00C64079 /* MEGABOXTests.xctest */,
				345C2F5E2E77FB8D00C64079 /* MEGABOXUITests.xctest */,
			);
			name = Products;
			sourceTree = "<group>";
		};
		347DBAD12EC63458008916E4 /* Frameworks */ = {
			isa = PBXGroup;
			children = (
			);
			name = Frameworks;
			sourceTree = "<group>";
		};
		34EBAB0E2EBDC1BD00CF8868 /* Products */ = {
			isa = PBXGroup;
			children = (
			);
			name = Products;
			sourceTree = "<group>";
		};
/* End PBXGroup section */

/* Begin PBXNativeTarget section */
		345C2F432E77FB8B00C64079 /* MEGABOX */ = {
			isa = PBXNativeTarget;
			buildConfigurationList = 345C2F682E77FB8D00C64079 /* Build configuration list for PBXNativeTarget "MEGABOX" */;
			buildPhases = (
				345C2F402E77FB8B00C64079 /* Sources */,
				345C2F412E77FB8B00C64079 /* Frameworks */,
				345C2F422E77FB8B00C64079 /* Resources */,
			);
			buildRules = (
			);
			dependencies = (
			);
			fileSystemSynchronizedGroups = (
				345C2F462E77FB8B00C64079 /* MegaBox */,
			);
			name = MEGABOX;
			packageProductDependencies = (
				34EBABD42EBDF36600CF8868 /* KakaoSDK */,
				34EBABD62EBDF36600CF8868 /* KakaoSDKAuth */,
				34EBABD82EBDF36600CF8868 /* KakaoSDKCert */,
				34EBABDA2EBDF36600CF8868 /* KakaoSDKCommon */,
				347DBAD22EC63458008916E4 /* CombineMoya */,
				347DBAD42EC63458008916E4 /* Moya */,
				347DBAD62EC63458008916E4 /* ReactiveMoya */,
				347DBAD82EC63458008916E4 /* RxMoya */,
				347DBADA2EC63458008916E4 /* Kingfisher */,
			);
			productName = week1_homework;
			productReference = 345C2F442E77FB8B00C64079 /* MEGABOX.app */;
			productType = "com.apple.product-type.application";
		};
		345C2F532E77FB8D00C64079 /* MEGABOXTests */ = {
			isa = PBXNativeTarget;
			buildConfigurationList = 345C2F6B2E77FB8D00C64079 /* Build configuration list for PBXNativeTarget "MEGABOXTests" */;
			buildPhases = (
				345C2F502E77FB8D00C64079 /* Sources */,
				345C2F512E77FB8D00C64079 /* Frameworks */,
				345C2F522E77FB8D00C64079 /* Resources */,
			);
			buildRules = (
			);
			dependencies = (
				345C2F562E77FB8D00C64079 /* PBXTargetDependency */,
			);
			name = MEGABOXTests;
			packageProductDependencies = (
			);
			productName = week1_homeworkTests;
			productReference = 345C2F542E77FB8D00C64079 /* MEGABOXTests.xctest */;
			productType = "com.apple.product-type.bundle.unit-test";
		};
		345C2F5D2E77FB8D00C64079 /* MEGABOXUITests */ = {
			isa = PBXNativeTarget;
			buildConfigurationList = 345C2F6E2E77FB8D00C64079 /* Build configuration list for PBXNativeTarget "MEGABOXUITests" */;
			buildPhases = (
				345C2F5A2E77FB8D00C64079 /* Sources */,
				345C2F5B2E77FB8D00C64079 /* Frameworks */,
				345C2F5C2E77FB8D00C64079 /* Resources */,
			);
			buildRules = (
			);
			dependencies = (
				345C2F602E77FB8D00C64079 /* PBXTargetDependency */,
			);
			name = MEGABOXUITests;
			packageProductDependencies = (
			);
			productName = week1_homeworkUITests;
			productReference = 345C2F5E2E77FB8D00C64079 /* MEGABOXUITests.xctest */;
			productType = "com.apple.product-type.bundle.ui-testing";
		};
/* End PBXNativeTarget section */

/* Begin PBXProject section */
		345C2F3C2E77FB8B00C64079 /* Project object */ = {
			isa = PBXProject;
			attributes = {
				BuildIndependentTargetsInParallel = 1;
				LastSwiftUpdateCheck = 1620;
				LastUpgradeCheck = 2600;
				TargetAttributes = {
					345C2F432E77FB8B00C64079 = {
						CreatedOnToolsVersion = 16.2;
					};
					345C2F532E77FB8D00C64079 = {
						CreatedOnToolsVersion = 16.2;
						TestTargetID = 345C2F432E77FB8B00C64079;
					};
					345C2F5D2E77FB8D00C64079 = {
						CreatedOnToolsVersion = 16.2;
						TestTargetID = 345C2F432E77FB8B00C64079;
					};
				};
			};
			buildConfigurationList = 345C2F3F2E77FB8B00C64079 /* Build configuration list for PBXProject "MEGABOX" */;
			developmentRegion = en;
			hasScannedForEncodings = 0;
			knownRegions = (
				en,
				Base,
			);
			mainGroup = 345C2F3B2E77FB8B00C64079;
			minimizedProjectReferenceProxies = 1;
			packageReferences = (
				34EBABD32EBDF36600CF8868 /* XCRemoteSwiftPackageReference "kakao-ios-sdk" */,
				347DBAC32EC3B8D4008916E4 /* XCRemoteSwiftPackageReference "Moya" */,
				347DBAD02EC4F34A008916E4 /* XCRemoteSwiftPackageReference "Kingfisher" */,
			);
			preferredProjectObjectVersion = 77;
			productRefGroup = 345C2F452E77FB8B00C64079 /* Products */;
			projectDirPath = "";
			projectReferences = (
				{
					ProductGroup = 34043A522EAF74F500C58AA6 /* Products */;
					ProjectRef = 34043A512EAF74F500C58AA6 /* MEGABOX.xcodeproj */;
				},
				{
					ProductGroup = 340439322EAF6E4000C58AA6 /* Products */;
					ProjectRef = 3404392F2EAF6E4000C58AA6 /* MEGABOX.xcodeproj */;
				},
				{
					ProductGroup = 340437912EAE487C00C58AA6 /* Products */;
					ProjectRef = 3404378E2EAE487C00C58AA6 /* MEGABOX.xcodeproj */;
				},
				{
					ProductGroup = 3404383D2EAF642C00C58AA6 /* Products */;
					ProjectRef = 3404383A2EAF642C00C58AA6 /* MEGABOX.xcodeproj */;
				},
				{
					ProductGroup = 34EBAB0E2EBDC1BD00CF8868 /* Products */;
					ProjectRef = 34EBAB0A2EBDC1BD00CF8868 /* MEGABOX.xcodeproj */;
				},
				{
					ProductGroup = 340438B82EAF6DE300C58AA6 /* Products */;
					ProjectRef = 340438B42EAF6DE300C58AA6 /* MEGABOX.xcodeproj */;
				},
			);
			projectRoot = "";
			targets = (
				345C2F432E77FB8B00C64079 /* MEGABOX */,
				345C2F532E77FB8D00C64079 /* MEGABOXTests */,
				345C2F5D2E77FB8D00C64079 /* MEGABOXUITests */,
			);
		};
/* End PBXProject section */

/* Begin PBXResourcesBuildPhase section */
		345C2F422E77FB8B00C64079 /* Resources */ = {
			isa = PBXResourcesBuildPhase;
			buildActionMask = 2147483647;
			files = (
				34EBACCA2EBE40F800CF8868 /* Secret.xcconfig in Resources */,
			);
			runOnlyForDeploymentPostprocessing = 0;
		};
		345C2F522E77FB8D00C64079 /* Resources */ = {
			isa = PBXResourcesBuildPhase;
			buildActionMask = 2147483647;
			files = (
			);
			runOnlyForDeploymentPostprocessing = 0;
		};
		345C2F5C2E77FB8D00C64079 /* Resources */ = {
			isa = PBXResourcesBuildPhase;
			buildActionMask = 2147483647;
			files = (
			);
			runOnlyForDeploymentPostprocessing = 0;
		};
/* End PBXResourcesBuildPhase section */

/* Begin PBXSourcesBuildPhase section */
		345C2F402E77FB8B00C64079 /* Sources */ = {
			isa = PBXSourcesBuildPhase;
			buildActionMask = 2147483647;
			files = (
			);
			runOnlyForDeploymentPostprocessing = 0;
		};
		345C2F502E77FB8D00C64079 /* Sources */ = {
			isa = PBXSourcesBuildPhase;
			buildActionMask = 2147483647;
			files = (
			);
			runOnlyForDeploymentPostprocessing = 0;
		};
		345C2F5A2E77FB8D00C64079 /* Sources */ = {
			isa = PBXSourcesBuildPhase;
			buildActionMask = 2147483647;
			files = (
			);
			runOnlyForDeploymentPostprocessing = 0;
		};
/* End PBXSourcesBuildPhase section */

/* Begin PBXTargetDependency section */
		345C2F562E77FB8D00C64079 /* PBXTargetDependency */ = {
			isa = PBXTargetDependency;
			target = 345C2F432E77FB8B00C64079 /* MEGABOX */;
			targetProxy = 345C2F552E77FB8D00C64079 /* PBXContainerItemProxy */;
		};
		345C2F602E77FB8D00C64079 /* PBXTargetDependency */ = {
			isa = PBXTargetDependency;
			target = 345C2F432E77FB8B00C64079 /* MEGABOX */;
			targetProxy = 345C2F5F2E77FB8D00C64079 /* PBXContainerItemProxy */;
		};
/* End PBXTargetDependency section */

/* Begin XCBuildConfiguration section */
		345C2F662E77FB8D00C64079 /* Debug */ = {
			isa = XCBuildConfiguration;
			baseConfigurationReference = 34EBACC92EBE40F800CF8868 /* Secret.xcconfig */;
			buildSettings = {
				ALWAYS_SEARCH_USER_PATHS = NO;
				ASSETCATALOG_COMPILER_GENERATE_SWIFT_ASSET_SYMBOL_EXTENSIONS = YES;
				CLANG_ANALYZER_NONNULL = YES;
				CLANG_ANALYZER_NUMBER_OBJECT_CONVERSION = YES_AGGRESSIVE;
				CLANG_CXX_LANGUAGE_STANDARD = "gnu++20";
				CLANG_ENABLE_MODULES = YES;
				CLANG_ENABLE_OBJC_ARC = YES;
				CLANG_ENABLE_OBJC_WEAK = YES;
				CLANG_WARN_BLOCK_CAPTURE_AUTORELEASING = YES;
				CLANG_WARN_BOOL_CONVERSION = YES;
				CLANG_WARN_COMMA = YES;
				CLANG_WARN_CONSTANT_CONVERSION = YES;
				CLANG_WARN_DEPRECATED_OBJC_IMPLEMENTATIONS = YES;
				CLANG_WARN_DIRECT_OBJC_ISA_USAGE = YES_ERROR;
				CLANG_WARN_DOCUMENTATION_COMMENTS = YES;
				CLANG_WARN_EMPTY_BODY = YES;
				CLANG_WARN_ENUM_CONVERSION = YES;
				CLANG_WARN_INFINITE_RECURSION = YES;
				CLANG_WARN_INT_CONVERSION = YES;
				CLANG_WARN_NON_LITERAL_NULL_CONVERSION = YES;
				CLANG_WARN_OBJC_IMPLICIT_RETAIN_SELF = YES;
				CLANG_WARN_OBJC_LITERAL_CONVERSION = YES;
				CLANG_WARN_OBJC_ROOT_CLASS = YES_ERROR;
				CLANG_WARN_QUOTED_INCLUDE_IN_FRAMEWORK_HEADER = YES;
				CLANG_WARN_RANGE_LOOP_ANALYSIS = YES;
				CLANG_WARN_STRICT_PROTOTYPES = YES;
				CLANG_WARN_SUSPICIOUS_MOVE = YES;
				CLANG_WARN_UNGUARDED_AVAILABILITY = YES_AGGRESSIVE;
				CLANG_WARN_UNREACHABLE_CODE = YES;
				CLANG_WARN__DUPLICATE_METHOD_MATCH = YES;
				COPY_PHASE_STRIP = NO;
				DEBUG_INFORMATION_FORMAT = dwarf;
				DEVELOPMENT_TEAM = 4HP2RU9G92;
				ENABLE_STRICT_OBJC_MSGSEND = YES;
				ENABLE_TESTABILITY = YES;
				ENABLE_USER_SCRIPT_SANDBOXING = YES;
				GCC_C_LANGUAGE_STANDARD = gnu17;
				GCC_DYNAMIC_NO_PIC = NO;
				GCC_NO_COMMON_BLOCKS = YES;
				GCC_OPTIMIZATION_LEVEL = 0;
				GCC_PREPROCESSOR_DEFINITIONS = (
					"DEBUG=1",
					"$(inherited)",
				);
				GCC_WARN_64_TO_32_BIT_CONVERSION = YES;
				GCC_WARN_ABOUT_RETURN_TYPE = YES_ERROR;
				GCC_WARN_UNDECLARED_SELECTOR = YES;
				GCC_WARN_UNINITIALIZED_AUTOS = YES_AGGRESSIVE;
				GCC_WARN_UNUSED_FUNCTION = YES;
				GCC_WARN_UNUSED_VARIABLE = YES;
				INFOPLIST_FILE = "MEGABOX/week1-homework-Info.plist";
				IPHONEOS_DEPLOYMENT_TARGET = 18.2;
				LOCALIZATION_PREFERS_STRING_CATALOGS = YES;
				MTL_ENABLE_DEBUG_INFO = INCLUDE_SOURCE;
				MTL_FAST_MATH = YES;
				ONLY_ACTIVE_ARCH = YES;
				SDKROOT = iphoneos;
				STRING_CATALOG_GENERATE_SYMBOLS = YES;
				SWIFT_ACTIVE_COMPILATION_CONDITIONS = "DEBUG $(inherited)";
				SWIFT_OPTIMIZATION_LEVEL = "-Onone";
			};
			name = Debug;
		};
		345C2F672E77FB8D00C64079 /* Release */ = {
			isa = XCBuildConfiguration;
			baseConfigurationReference = 34EBACC92EBE40F800CF8868 /* Secret.xcconfig */;
			buildSettings = {
				ALWAYS_SEARCH_USER_PATHS = NO;
				ASSETCATALOG_COMPILER_GENERATE_SWIFT_ASSET_SYMBOL_EXTENSIONS = YES;
				CLANG_ANALYZER_NONNULL = YES;
				CLANG_ANALYZER_NUMBER_OBJECT_CONVERSION = YES_AGGRESSIVE;
				CLANG_CXX_LANGUAGE_STANDARD = "gnu++20";
				CLANG_ENABLE_MODULES = YES;
				CLANG_ENABLE_OBJC_ARC = YES;
				CLANG_ENABLE_OBJC_WEAK = YES;
				CLANG_WARN_BLOCK_CAPTURE_AUTORELEASING = YES;
				CLANG_WARN_BOOL_CONVERSION = YES;
				CLANG_WARN_COMMA = YES;
				CLANG_WARN_CONSTANT_CONVERSION = YES;
				CLANG_WARN_DEPRECATED_OBJC_IMPLEMENTATIONS = YES;
				CLANG_WARN_DIRECT_OBJC_ISA_USAGE = YES_ERROR;
				CLANG_WARN_DOCUMENTATION_COMMENTS = YES;
				CLANG_WARN_EMPTY_BODY = YES;
				CLANG_WARN_ENUM_CONVERSION = YES;
				CLANG_WARN_INFINITE_RECURSION = YES;
				CLANG_WARN_INT_CONVERSION = YES;
				CLANG_WARN_NON_LITERAL_NULL_CONVERSION = YES;
				CLANG_WARN_OBJC_IMPLICIT_RETAIN_SELF = YES;
				CLANG_WARN_OBJC_LITERAL_CONVERSION = YES;
				CLANG_WARN_OBJC_ROOT_CLASS = YES_ERROR;
				CLANG_WARN_QUOTED_INCLUDE_IN_FRAMEWORK_HEADER = YES;
				CLANG_WARN_RANGE_LOOP_ANALYSIS = YES;
				CLANG_WARN_STRICT_PROTOTYPES = YES;
				CLANG_WARN_SUSPICIOUS_MOVE = YES;
				CLANG_WARN_UNGUARDED_AVAILABILITY = YES_AGGRESSIVE;
				CLANG_WARN_UNREACHABLE_CODE = YES;
				CLANG_WARN__DUPLICATE_METHOD_MATCH = YES;
				COPY_PHASE_STRIP = NO;
				DEBUG_INFORMATION_FORMAT = "dwarf-with-dsym";
				DEVELOPMENT_TEAM = 4HP2RU9G92;
				ENABLE_NS_ASSERTIONS = NO;
				ENABLE_STRICT_OBJC_MSGSEND = YES;
				ENABLE_USER_SCRIPT_SANDBOXING = YES;
				GCC_C_LANGUAGE_STANDARD = gnu17;
				GCC_NO_COMMON_BLOCKS = YES;
				GCC_WARN_64_TO_32_BIT_CONVERSION = YES;
				GCC_WARN_ABOUT_RETURN_TYPE = YES_ERROR;
				GCC_WARN_UNDECLARED_SELECTOR = YES;
				GCC_WARN_UNINITIALIZED_AUTOS = YES_AGGRESSIVE;
				GCC_WARN_UNUSED_FUNCTION = YES;
				GCC_WARN_UNUSED_VARIABLE = YES;
				INFOPLIST_FILE = "MEGABOX/week1-homework-Info.plist";
				IPHONEOS_DEPLOYMENT_TARGET = 18.2;
				LOCALIZATION_PREFERS_STRING_CATALOGS = YES;
				MTL_ENABLE_DEBUG_INFO = NO;
				MTL_FAST_MATH = YES;
				SDKROOT = iphoneos;
				STRING_CATALOG_GENERATE_SYMBOLS = YES;
				SWIFT_COMPILATION_MODE = wholemodule;
				VALIDATE_PRODUCT = YES;
			};
			name = Release;
		};
		345C2F692E77FB8D00C64079 /* Debug */ = {
			isa = XCBuildConfiguration;
			buildSettings = {
				ASSETCATALOG_COMPILER_APPICON_NAME = AppIcon;
				ASSETCATALOG_COMPILER_GLOBAL_ACCENT_COLOR_NAME = AccentColor;
				CODE_SIGN_IDENTITY = "Apple Development";
				CODE_SIGN_STYLE = Automatic;
				CURRENT_PROJECT_VERSION = 1;
				DEVELOPMENT_ASSET_PATHS = "\"MEGABOX/Preview Content\"";
				DEVELOPMENT_TEAM = 4HP2RU9G92;
				ENABLE_PREVIEWS = YES;
				GENERATE_INFOPLIST_FILE = YES;
				INFOPLIST_FILE = "week1-homework-Info.plist";
				INFOPLIST_KEY_CFBundleDisplayName = "";
				INFOPLIST_KEY_LSApplicationCategoryType = "";
				INFOPLIST_KEY_NSPhotoLibraryUsageDescription = "사진 앨범 접근 권한이 필요합니다.";
				INFOPLIST_KEY_UIApplicationSceneManifest_Generation = YES;
				INFOPLIST_KEY_UIApplicationSupportsIndirectInputEvents = YES;
				INFOPLIST_KEY_UILaunchScreen_Generation = YES;
				INFOPLIST_KEY_UISupportedInterfaceOrientations_iPad = "UIInterfaceOrientationPortrait UIInterfaceOrientationPortraitUpsideDown UIInterfaceOrientationLandscapeLeft UIInterfaceOrientationLandscapeRight";
				INFOPLIST_KEY_UISupportedInterfaceOrientations_iPhone = "UIInterfaceOrientationPortrait UIInterfaceOrientationLandscapeLeft UIInterfaceOrientationLandscapeRight";
				LD_RUNPATH_SEARCH_PATHS = (
					"$(inherited)",
					"@executable_path/Frameworks",
				);
				MARKETING_VERSION = 1.0;
				PRODUCT_BUNDLE_IDENTIFIER = com.UMC.yoon.MEGABOX;
				PRODUCT_NAME = "$(TARGET_NAME)";
				PROVISIONING_PROFILE_SPECIFIER = "";
				SWIFT_EMIT_LOC_STRINGS = YES;
				SWIFT_VERSION = 5.0;
				TARGETED_DEVICE_FAMILY = "1,2";
			};
			name = Debug;
		};
		345C2F6A2E77FB8D00C64079 /* Release */ = {
			isa = XCBuildConfiguration;
			buildSettings = {
				ASSETCATALOG_COMPILER_APPICON_NAME = AppIcon;
				ASSETCATALOG_COMPILER_GLOBAL_ACCENT_COLOR_NAME = AccentColor;
				CODE_SIGN_STYLE = Automatic;
				CURRENT_PROJECT_VERSION = 1;
				DEVELOPMENT_ASSET_PATHS = "\"MEGABOX/Preview Content\"";
				ENABLE_PREVIEWS = YES;
				GENERATE_INFOPLIST_FILE = YES;
				INFOPLIST_FILE = "week1-homework-Info.plist";
				INFOPLIST_KEY_CFBundleDisplayName = "";
				INFOPLIST_KEY_LSApplicationCategoryType = "";
				INFOPLIST_KEY_NSPhotoLibraryUsageDescription = "사진 앨범 접근 권한이 필요합니다.";
				INFOPLIST_KEY_UIApplicationSceneManifest_Generation = YES;
				INFOPLIST_KEY_UIApplicationSupportsIndirectInputEvents = YES;
				INFOPLIST_KEY_UILaunchScreen_Generation = YES;
				INFOPLIST_KEY_UISupportedInterfaceOrientations_iPad = "UIInterfaceOrientationPortrait UIInterfaceOrientationPortraitUpsideDown UIInterfaceOrientationLandscapeLeft UIInterfaceOrientationLandscapeRight";
				INFOPLIST_KEY_UISupportedInterfaceOrientations_iPhone = "UIInterfaceOrientationPortrait UIInterfaceOrientationLandscapeLeft UIInterfaceOrientationLandscapeRight";
				LD_RUNPATH_SEARCH_PATHS = (
					"$(inherited)",
					"@executable_path/Frameworks",
				);
				MARKETING_VERSION = 1.0;
				PRODUCT_BUNDLE_IDENTIFIER = com.UMC.yoon.MEGABOX;
				PRODUCT_NAME = "$(TARGET_NAME)";
				SWIFT_EMIT_LOC_STRINGS = YES;
				SWIFT_VERSION = 5.0;
				TARGETED_DEVICE_FAMILY = "1,2";
			};
			name = Release;
		};
		345C2F6C2E77FB8D00C64079 /* Debug */ = {
			isa = XCBuildConfiguration;
			buildSettings = {
				BUNDLE_LOADER = "$(TEST_HOST)";
				CODE_SIGN_STYLE = Automatic;
				CURRENT_PROJECT_VERSION = 1;
				GENERATE_INFOPLIST_FILE = YES;
				IPHONEOS_DEPLOYMENT_TARGET = 18.2;
				MARKETING_VERSION = 1.0;
				PRODUCT_BUNDLE_IDENTIFIER = "UMC.week1-homeworkTests";
				PRODUCT_NAME = "$(TARGET_NAME)";
				SWIFT_EMIT_LOC_STRINGS = NO;
				SWIFT_VERSION = 5.0;
				TARGETED_DEVICE_FAMILY = "1,2";
				TEST_HOST = "$(BUILT_PRODUCTS_DIR)/MEGABOX.app/$(BUNDLE_EXECUTABLE_FOLDER_PATH)/MEGABOX";
			};
			name = Debug;
		};
		345C2F6D2E77FB8D00C64079 /* Release */ = {
			isa = XCBuildConfiguration;
			buildSettings = {
				BUNDLE_LOADER = "$(TEST_HOST)";
				CODE_SIGN_STYLE = Automatic;
				CURRENT_PROJECT_VERSION = 1;
				GENERATE_INFOPLIST_FILE = YES;
				IPHONEOS_DEPLOYMENT_TARGET = 18.2;
				MARKETING_VERSION = 1.0;
				PRODUCT_BUNDLE_IDENTIFIER = "UMC.week1-homeworkTests";
				PRODUCT_NAME = "$(TARGET_NAME)";
				SWIFT_EMIT_LOC_STRINGS = NO;
				SWIFT_VERSION = 5.0;
				TARGETED_DEVICE_FAMILY = "1,2";
				TEST_HOST = "$(BUILT_PRODUCTS_DIR)/MEGABOX.app/$(BUNDLE_EXECUTABLE_FOLDER_PATH)/MEGABOX";
			};
			name = Release;
		};
		345C2F6F2E77FB8D00C64079 /* Debug */ = {
			isa = XCBuildConfiguration;
			buildSettings = {
				CODE_SIGN_STYLE = Automatic;
				CURRENT_PROJECT_VERSION = 1;
				GENERATE_INFOPLIST_FILE = YES;
				MARKETING_VERSION = 1.0;
				PRODUCT_BUNDLE_IDENTIFIER = "UMC.week1-homeworkUITests";
				PRODUCT_NAME = "$(TARGET_NAME)";
				SWIFT_EMIT_LOC_STRINGS = NO;
				SWIFT_VERSION = 5.0;
				TARGETED_DEVICE_FAMILY = "1,2";
				TEST_TARGET_NAME = week1_homework;
			};
			name = Debug;
		};
		345C2F702E77FB8D00C64079 /* Release */ = {
			isa = XCBuildConfiguration;
			buildSettings = {
				CODE_SIGN_STYLE = Automatic;
				CURRENT_PROJECT_VERSION = 1;
				GENERATE_INFOPLIST_FILE = YES;
				MARKETING_VERSION = 1.0;
				PRODUCT_BUNDLE_IDENTIFIER = "UMC.week1-homeworkUITests";
				PRODUCT_NAME = "$(TARGET_NAME)";
				SWIFT_EMIT_LOC_STRINGS = NO;
				SWIFT_VERSION = 5.0;
				TARGETED_DEVICE_FAMILY = "1,2";
				TEST_TARGET_NAME = week1_homework;
			};
			name = Release;
		};
/* End XCBuildConfiguration section */

/* Begin XCConfigurationList section */
		345C2F3F2E77FB8B00C64079 /* Build configuration list for PBXProject "MEGABOX" */ = {
			isa = XCConfigurationList;
			buildConfigurations = (
				345C2F662E77FB8D00C64079 /* Debug */,
				345C2F672E77FB8D00C64079 /* Release */,
			);
			defaultConfigurationIsVisible = 0;
			defaultConfigurationName = Release;
		};
		345C2F682E77FB8D00C64079 /* Build configuration list for PBXNativeTarget "MEGABOX" */ = {
			isa = XCConfigurationList;
			buildConfigurations = (
				345C2F692E77FB8D00C64079 /* Debug */,
				345C2F6A2E77FB8D00C64079 /* Release */,
			);
			defaultConfigurationIsVisible = 0;
			defaultConfigurationName = Release;
		};
		345C2F6B2E77FB8D00C64079 /* Build configuration list for PBXNativeTarget "MEGABOXTests" */ = {
			isa = XCConfigurationList;
			buildConfigurations = (
				345C2F6C2E77FB8D00C64079 /* Debug */,
				345C2F6D2E77FB8D00C64079 /* Release */,
			);
			defaultConfigurationIsVisible = 0;
			defaultConfigurationName = Release;
		};
		345C2F6E2E77FB8D00C64079 /* Build configuration list for PBXNativeTarget "MEGABOXUITests" */ = {
			isa = XCConfigurationList;
			buildConfigurations = (
				345C2F6F2E77FB8D00C64079 /* Debug */,
				345C2F702E77FB8D00C64079 /* Release */,
			);
			defaultConfigurationIsVisible = 0;
			defaultConfigurationName = Release;
		};
/* End XCConfigurationList section */

/* Begin XCRemoteSwiftPackageReference section */
		347DBAC32EC3B8D4008916E4 /* XCRemoteSwiftPackageReference "Moya" */ = {
			isa = XCRemoteSwiftPackageReference;
			repositoryURL = "https://github.com/Moya/Moya";
			requirement = {
				kind = upToNextMajorVersion;
				minimumVersion = 15.0.3;
			};
		};
		347DBAD02EC4F34A008916E4 /* XCRemoteSwiftPackageReference "Kingfisher" */ = {
			isa = XCRemoteSwiftPackageReference;
			repositoryURL = "https://github.com/onevcat/Kingfisher";
			requirement = {
				kind = upToNextMajorVersion;
				minimumVersion = 8.6.1;
			};
		};
		34EBABD32EBDF36600CF8868 /* XCRemoteSwiftPackageReference "kakao-ios-sdk" */ = {
			isa = XCRemoteSwiftPackageReference;
			repositoryURL = "https://github.com/kakao/kakao-ios-sdk";
			requirement = {
				kind = upToNextMajorVersion;
				minimumVersion = 2.25.0;
			};
		};
/* End XCRemoteSwiftPackageReference section */

/* Begin XCSwiftPackageProductDependency section */
		347DBAD22EC63458008916E4 /* CombineMoya */ = {
			isa = XCSwiftPackageProductDependency;
			package = 347DBAC32EC3B8D4008916E4 /* XCRemoteSwiftPackageReference "Moya" */;
			productName = CombineMoya;
		};
		347DBAD42EC63458008916E4 /* Moya */ = {
			isa = XCSwiftPackageProductDependency;
			package = 347DBAC32EC3B8D4008916E4 /* XCRemoteSwiftPackageReference "Moya" */;
			productName = Moya;
		};
		347DBAD62EC63458008916E4 /* ReactiveMoya */ = {
			isa = XCSwiftPackageProductDependency;
			package = 347DBAC32EC3B8D4008916E4 /* XCRemoteSwiftPackageReference "Moya" */;
			productName = ReactiveMoya;
		};
		347DBAD82EC63458008916E4 /* RxMoya */ = {
			isa = XCSwiftPackageProductDependency;
			package = 347DBAC32EC3B8D4008916E4 /* XCRemoteSwiftPackageReference "Moya" */;
			productName = RxMoya;
		};
		347DBADA2EC63458008916E4 /* Kingfisher */ = {
			isa = XCSwiftPackageProductDependency;
			package = 347DBAD02EC4F34A008916E4 /* XCRemoteSwiftPackageReference "Kingfisher" */;
			productName = Kingfisher;
		};
		34EBABD42EBDF36600CF8868 /* KakaoSDK */ = {
			isa = XCSwiftPackageProductDependency;
			package = 34EBABD32EBDF36600CF8868 /* XCRemoteSwiftPackageReference "kakao-ios-sdk" */;
			productName = KakaoSDK;
		};
		34EBABD62EBDF36600CF8868 /* KakaoSDKAuth */ = {
			isa = XCSwiftPackageProductDependency;
			package = 34EBABD32EBDF36600CF8868 /* XCRemoteSwiftPackageReference "kakao-ios-sdk" */;
			productName = KakaoSDKAuth;
		};
		34EBABD82EBDF36600CF8868 /* KakaoSDKCert */ = {
			isa = XCSwiftPackageProductDependency;
			package = 34EBABD32EBDF36600CF8868 /* XCRemoteSwiftPackageReference "kakao-ios-sdk" */;
			productName = KakaoSDKCert;
		};
		34EBABDA2EBDF36600CF8868 /* KakaoSDKCommon */ = {
			isa = XCSwiftPackageProductDependency;
			package = 34EBABD32EBDF36600CF8868 /* XCRemoteSwiftPackageReference "kakao-ios-sdk" */;
			productName = KakaoSDKCommon;
		};
/* End XCSwiftPackageProductDependency section */
	};
	rootObject = 345C2F3C2E77FB8B00C64079 /* Project object */;
}
